
Microsoft Visual Studio Solution File, Format Version 12.00
# Visual Studio 15
Project("{FAE04EC0-301F-11D3-BF4B-00C04F79EFBC}") = "Assembly-CSharp-firstpass", "Assembly-CSharp-firstpass.csproj", "{3310055B-EEFA-C323-C0CB-233C9904AAE2}"
EndProject
Project("{FAE04EC0-301F-11D3-BF4B-00C04F79EFBC}") = "Assembly-CSharp-Editor-firstpass", "Assembly-CSharp-Editor-firstpass.csproj", "{18AC83B9-17C8-0577-7376-ACC811FC7C61}"
EndProject
Global
	GlobalSection(SolutionConfigurationPlatforms) = preSolution
		Debug|Any CPU = Debug|Any CPU
		Release|Any CPU = Release|Any CPU
	EndGlobalSection
	GlobalSection(ProjectConfigurationPlatforms) = postSolution
		{3310055B-EEFA-C323-C0CB-233C9904AAE2}.Debug|Any CPU.ActiveCfg = Debug|Any CPU
		{3310055B-EEFA-C323-C0CB-233C9904AAE2}.Debug|Any CPU.Build.0 = Debug|Any CPU
		{3310055B-EEFA-C323-C0CB-233C9904AAE2}.Release|Any CPU.ActiveCfg = Release|Any CPU
		{3310055B-EEFA-C323-C0CB-233C9904AAE2}.Release|Any CPU.Build.0 = Release|Any CPU
		{18AC83B9-17C8-0577-7376-ACC811FC7C61}.Debug|Any CPU.ActiveCfg = Debug|Any CPU
		{18AC83B9-17C8-0577-7376-ACC811FC7C61}.Debug|Any CPU.Build.0 = Debug|Any CPU
		{18AC83B9-17C8-0577-7376-ACC811FC7C61}.Release|Any CPU.ActiveCfg = Release|Any CPU
		{18AC83B9-17C8-0577-7376-ACC811FC7C61}.Release|Any CPU.Build.0 = Release|Any CPU
	EndGlobalSection
	GlobalSection(SolutionProperties) = preSolution
		HideSolutionNode = FALSE
	EndGlobalSection
EndGlobal
